
Microsoft Visual Studio Solution File, Format Version 12.00
# Visual Studio 14
VisualStudioVersion = 14.0.25420.1
MinimumVisualStudioVersion = 10.0.40219.1
Project("{FAE04EC0-301F-11D3-BF4B-00C04F79EFBC}") = "DemoRecursion", "DemoRecursion\DemoRecursion.csproj", "{72D06F57-E728-4EB0-B2A9-B78C90DFA8B6}"
EndProject
Project("{FAE04EC0-301F-11D3-BF4B-00C04F79EFBC}") = "01.SimulationOfNestedLoopsWithRecursion", "01.SimulationOfNestedLoopsWithRecursion\01.SimulationOfNestedLoopsWithRecursion.csproj", "{71B7E3F1-0B00-4D60-8241-CC0027CDF0E5}"
EndProject
Project("{FAE04EC0-301F-11D3-BF4B-00C04F79EFBC}") = "02.CombinationsWithDuplications", "02.CombinationsWithDuplications\02.CombinationsWithDuplications.csproj", "{BCA00ABD-E7D9-4F78-9885-A471B434D4A9}"
EndProject
Project("{FAE04EC0-301F-11D3-BF4B-00C04F79EFBC}") = "03.CombinationsWithoutDuplications", "03.CombinationsWithoutDuplications\03.CombinationsWithoutDuplications.csproj", "{E31A627A-FDA8-485F-9DF6-06E7B3C8CD99}"
EndProject
Project("{FAE04EC0-301F-11D3-BF4B-00C04F79EFBC}") = "04.Permutations", "04.Permutations\04.Permutations.csproj", "{2C0698C6-F512-4B82-965D-AFAA40E034EA}"
EndProject
Global
	GlobalSection(SolutionConfigurationPlatforms) = preSolution
		Debug|Any CPU = Debug|Any CPU
		Release|Any CPU = Release|Any CPU
	EndGlobalSection
	GlobalSection(ProjectConfigurationPlatforms) = postSolution
		{72D06F57-E728-4EB0-B2A9-B78C90DFA8B6}.Debug|Any CPU.ActiveCfg = Debug|Any CPU
		{72D06F57-E728-4EB0-B2A9-B78C90DFA8B6}.Debug|Any CPU.Build.0 = Debug|Any CPU
		{72D06F57-E728-4EB0-B2A9-B78C90DFA8B6}.Release|Any CPU.ActiveCfg = Release|Any CPU
		{72D06F57-E728-4EB0-B2A9-B78C90DFA8B6}.Release|Any CPU.Build.0 = Release|Any CPU
		{71B7E3F1-0B00-4D60-8241-CC0027CDF0E5}.Debug|Any CPU.ActiveCfg = Debug|Any CPU
		{71B7E3F1-0B00-4D60-8241-CC0027CDF0E5}.Debug|Any CPU.Build.0 = Debug|Any CPU
		{71B7E3F1-0B00-4D60-8241-CC0027CDF0E5}.Release|Any CPU.ActiveCfg = Release|Any CPU
		{71B7E3F1-0B00-4D60-8241-CC0027CDF0E5}.Release|Any CPU.Build.0 = Release|Any CPU
		{BCA00ABD-E7D9-4F78-9885-A471B434D4A9}.Debug|Any CPU.ActiveCfg = Debug|Any CPU
		{BCA00ABD-E7D9-4F78-9885-A471B434D4A9}.Debug|Any CPU.Build.0 = Debug|Any CPU
		{BCA00ABD-E7D9-4F78-9885-A471B434D4A9}.Release|Any CPU.ActiveCfg = Release|Any CPU
		{BCA00ABD-E7D9-4F78-9885-A471B434D4A9}.Release|Any CPU.Build.0 = Release|Any CPU
		{E31A627A-FDA8-485F-9DF6-06E7B3C8CD99}.Debug|Any CPU.ActiveCfg = Debug|Any CPU
		{E31A627A-FDA8-485F-9DF6-06E7B3C8CD99}.Debug|Any CPU.Build.0 = Debug|Any CPU
		{E31A627A-FDA8-485F-9DF6-06E7B3C8CD99}.Release|Any CPU.ActiveCfg = Release|Any CPU
		{E31A627A-FDA8-485F-9DF6-06E7B3C8CD99}.Release|Any CPU.Build.0 = Release|Any CPU
		{2C0698C6-F512-4B82-965D-AFAA40E034EA}.Debug|Any CPU.ActiveCfg = Debug|Any CPU
		{2C0698C6-F512-4B82-965D-AFAA40E034EA}.Debug|Any CPU.Build.0 = Debug|Any CPU
		{2C0698C6-F512-4B82-965D-AFAA40E034EA}.Release|Any CPU.ActiveCfg = Release|Any CPU
		{2C0698C6-F512-4B82-965D-AFAA40E034EA}.Release|Any CPU.Build.0 = Release|Any CPU
	EndGlobalSection
	GlobalSection(SolutionProperties) = preSolution
		HideSolutionNode = FALSE
	EndGlobalSection
EndGlobal
